
Microsoft Visual Studio Solution File, Format Version 12.00
# Visual Studio Version 17
VisualStudioVersion = 17.0.31903.59
MinimumVisualStudioVersion = 10.0.40219.1
Project("{FAE04EC0-301F-11D3-BF4B-00C04F79EFBC}") = "AI_FraudeFinanciero_Core", "AI_FraudeFinanciero_Core\AI_FraudeFinanciero_Core.csproj", "{E9F84584-8AFB-4AB0-93B9-73BED4493DA6}"
EndProject
Project("{FAE04EC0-301F-11D3-BF4B-00C04F79EFBC}") = "AI_FraudeFinanciero_ML", "AI_FraudeFinanciero_ML\AI_FraudeFinanciero_ML.csproj", "{9A5119DB-E050-4E37-A1C2-96A1D60DA9B0}"
EndProject
Project("{FAE04EC0-301F-11D3-BF4B-00C04F79EFBC}") = "AI_FraudeFinanciero_API", "AI_FraudeFinanciero_API\AI_FraudeFinanciero_API.csproj", "{726FE259-4564-41A9-B7BF-BDE090A2EF52}"
EndProject
Project("{FAE04EC0-301F-11D3-BF4B-00C04F79EFBC}") = "AI_FraudeFinanciero_Web", "AI_FraudeFinanciero_Web\AI_FraudeFinanciero_Web.csproj", "{91E2838C-82A8-486F-A750-974123734089}"
EndProject
Project("{FAE04EC0-301F-11D3-BF4B-00C04F79EFBC}") = "AI_FraudeFinanciero_Test", "AI_FraudeFinanciero_Test\AI_FraudeFinanciero_Test.csproj", "{B056E33C-653D-4908-A0C6-AD3233F837DA}"
EndProject
Global
	GlobalSection(SolutionConfigurationPlatforms) = preSolution
		Debug|Any CPU = Debug|Any CPU
		Debug|x64 = Debug|x64
		Debug|x86 = Debug|x86
		Release|Any CPU = Release|Any CPU
		Release|x64 = Release|x64
		Release|x86 = Release|x86
	EndGlobalSection
	GlobalSection(ProjectConfigurationPlatforms) = postSolution
		{E9F84584-8AFB-4AB0-93B9-73BED4493DA6}.Debug|Any CPU.ActiveCfg = Debug|Any CPU
		{E9F84584-8AFB-4AB0-93B9-73BED4493DA6}.Debug|Any CPU.Build.0 = Debug|Any CPU
		{E9F84584-8AFB-4AB0-93B9-73BED4493DA6}.Debug|x64.ActiveCfg = Debug|Any CPU
		{E9F84584-8AFB-4AB0-93B9-73BED4493DA6}.Debug|x64.Build.0 = Debug|Any CPU
		{E9F84584-8AFB-4AB0-93B9-73BED4493DA6}.Debug|x86.ActiveCfg = Debug|Any CPU
		{E9F84584-8AFB-4AB0-93B9-73BED4493DA6}.Debug|x86.Build.0 = Debug|Any CPU
		{E9F84584-8AFB-4AB0-93B9-73BED4493DA6}.Release|Any CPU.ActiveCfg = Release|Any CPU
		{E9F84584-8AFB-4AB0-93B9-73BED4493DA6}.Release|Any CPU.Build.0 = Release|Any CPU
		{E9F84584-8AFB-4AB0-93B9-73BED4493DA6}.Release|x64.ActiveCfg = Release|Any CPU
		{E9F84584-8AFB-4AB0-93B9-73BED4493DA6}.Release|x64.Build.0 = Release|Any CPU
		{E9F84584-8AFB-4AB0-93B9-73BED4493DA6}.Release|x86.ActiveCfg = Release|Any CPU
		{E9F84584-8AFB-4AB0-93B9-73BED4493DA6}.Release|x86.Build.0 = Release|Any CPU
		{9A5119DB-E050-4E37-A1C2-96A1D60DA9B0}.Debug|Any CPU.ActiveCfg = Debug|Any CPU
		{9A5119DB-E050-4E37-A1C2-96A1D60DA9B0}.Debug|Any CPU.Build.0 = Debug|Any CPU
		{9A5119DB-E050-4E37-A1C2-96A1D60DA9B0}.Debug|x64.ActiveCfg = Debug|Any CPU
		{9A5119DB-E050-4E37-A1C2-96A1D60DA9B0}.Debug|x64.Build.0 = Debug|Any CPU
		{9A5119DB-E050-4E37-A1C2-96A1D60DA9B0}.Debug|x86.ActiveCfg = Debug|Any CPU
		{9A5119DB-E050-4E37-A1C2-96A1D60DA9B0}.Debug|x86.Build.0 = Debug|Any CPU
		{9A5119DB-E050-4E37-A1C2-96A1D60DA9B0}.Release|Any CPU.ActiveCfg = Release|Any CPU
		{9A5119DB-E050-4E37-A1C2-96A1D60DA9B0}.Release|Any CPU.Build.0 = Release|Any CPU
		{9A5119DB-E050-4E37-A1C2-96A1D60DA9B0}.Release|x64.ActiveCfg = Release|Any CPU
		{9A5119DB-E050-4E37-A1C2-96A1D60DA9B0}.Release|x64.Build.0 = Release|Any CPU
		{9A5119DB-E050-4E37-A1C2-96A1D60DA9B0}.Release|x86.ActiveCfg = Release|Any CPU
		{9A5119DB-E050-4E37-A1C2-96A1D60DA9B0}.Release|x86.Build.0 = Release|Any CPU
		{726FE259-4564-41A9-B7BF-BDE090A2EF52}.Debug|Any CPU.ActiveCfg = Debug|Any CPU
		{726FE259-4564-41A9-B7BF-BDE090A2EF52}.Debug|Any CPU.Build.0 = Debug|Any CPU
		{726FE259-4564-41A9-B7BF-BDE090A2EF52}.Debug|x64.ActiveCfg = Debug|Any CPU
		{726FE259-4564-41A9-B7BF-BDE090A2EF52}.Debug|x64.Build.0 = Debug|Any CPU
		{726FE259-4564-41A9-B7BF-BDE090A2EF52}.Debug|x86.ActiveCfg = Debug|Any CPU
		{726FE259-4564-41A9-B7BF-BDE090A2EF52}.Debug|x86.Build.0 = Debug|Any CPU
		{726FE259-4564-41A9-B7BF-BDE090A2EF52}.Release|Any CPU.ActiveCfg = Release|Any CPU
		{726FE259-4564-41A9-B7BF-BDE090A2EF52}.Release|Any CPU.Build.0 = Release|Any CPU
		{726FE259-4564-41A9-B7BF-BDE090A2EF52}.Release|x64.ActiveCfg = Release|Any CPU
		{726FE259-4564-41A9-B7BF-BDE090A2EF52}.Release|x64.Build.0 = Release|Any CPU
		{726FE259-4564-41A9-B7BF-BDE090A2EF52}.Release|x86.ActiveCfg = Release|Any CPU
		{726FE259-4564-41A9-B7BF-BDE090A2EF52}.Release|x86.Build.0 = Release|Any CPU
		{91E2838C-82A8-486F-A750-974123734089}.Debug|Any CPU.ActiveCfg = Debug|Any CPU
		{91E2838C-82A8-486F-A750-974123734089}.Debug|Any CPU.Build.0 = Debug|Any CPU
		{91E2838C-82A8-486F-A750-974123734089}.Debug|x64.ActiveCfg = Debug|Any CPU
		{91E2838C-82A8-486F-A750-974123734089}.Debug|x64.Build.0 = Debug|Any CPU
		{91E2838C-82A8-486F-A750-974123734089}.Debug|x86.ActiveCfg = Debug|Any CPU
		{91E2838C-82A8-486F-A750-974123734089}.Debug|x86.Build.0 = Debug|Any CPU
		{91E2838C-82A8-486F-A750-974123734089}.Release|Any CPU.ActiveCfg = Release|Any CPU
		{91E2838C-82A8-486F-A750-974123734089}.Release|Any CPU.Build.0 = Release|Any CPU
		{91E2838C-82A8-486F-A750-974123734089}.Release|x64.ActiveCfg = Release|Any CPU
		{91E2838C-82A8-486F-A750-974123734089}.Release|x64.Build.0 = Release|Any CPU
		{91E2838C-82A8-486F-A750-974123734089}.Release|x86.ActiveCfg = Release|Any CPU
		{91E2838C-82A8-486F-A750-974123734089}.Release|x86.Build.0 = Release|Any CPU
		{B056E33C-653D-4908-A0C6-AD3233F837DA}.Debug|Any CPU.ActiveCfg = Debug|Any CPU
		{B056E33C-653D-4908-A0C6-AD3233F837DA}.Debug|Any CPU.Build.0 = Debug|Any CPU
		{B056E33C-653D-4908-A0C6-AD3233F837DA}.Debug|x64.ActiveCfg = Debug|Any CPU
		{B056E33C-653D-4908-A0C6-AD3233F837DA}.Debug|x64.Build.0 = Debug|Any CPU
		{B056E33C-653D-4908-A0C6-AD3233F837DA}.Debug|x86.ActiveCfg = Debug|Any CPU
		{B056E33C-653D-4908-A0C6-AD3233F837DA}.Debug|x86.Build.0 = Debug|Any CPU
		{B056E33C-653D-4908-A0C6-AD3233F837DA}.Release|Any CPU.ActiveCfg = Release|Any CPU
		{B056E33C-653D-4908-A0C6-AD3233F837DA}.Release|Any CPU.Build.0 = Release|Any CPU
		{B056E33C-653D-4908-A0C6-AD3233F837DA}.Release|x64.ActiveCfg = Release|Any CPU
		{B056E33C-653D-4908-A0C6-AD3233F837DA}.Release|x64.Build.0 = Release|Any CPU
		{B056E33C-653D-4908-A0C6-AD3233F837DA}.Release|x86.ActiveCfg = Release|Any CPU
		{B056E33C-653D-4908-A0C6-AD3233F837DA}.Release|x86.Build.0 = Release|Any CPU
	EndGlobalSection
	GlobalSection(SolutionProperties) = preSolution
		HideSolutionNode = FALSE
	EndGlobalSection
	GlobalSection(ExtensibilityGlobals) = postSolution
		SolutionGuid = {E3183A6C-CAD1-4069-A285-E40792CA0D35}
	EndGlobalSection
EndGlobal
